
Microsoft Visual Studio Solution File, Format Version 12.00
# Visual Studio 14
VisualStudioVersion = 14.0.25123.0
MinimumVisualStudioVersion = 10.0.40219.1
Project("{FAE04EC0-301F-11D3-BF4B-00C04F79EFBC}") = "BitirmeDeneme", "BitirmeDeneme\BitirmeDeneme.csproj", "{DD5FD5A1-74A2-45FB-841F-2CA5C3597839}"
EndProject
Global
	GlobalSection(SolutionConfigurationPlatforms) = preSolution
		Debug|Any CPU = Debug|Any CPU
		Release|Any CPU = Release|Any CPU
	EndGlobalSection
	GlobalSection(ProjectConfigurationPlatforms) = postSolution
		{DD5FD5A1-74A2-45FB-841F-2CA5C3597839}.Debug|Any CPU.ActiveCfg = Debug|Any CPU
		{DD5FD5A1-74A2-45FB-841F-2CA5C3597839}.Debug|Any CPU.Build.0 = Debug|Any CPU
		{DD5FD5A1-74A2-45FB-841F-2CA5C3597839}.Release|Any CPU.ActiveCfg = Release|Any CPU
		{DD5FD5A1-74A2-45FB-841F-2CA5C3597839}.Release|Any CPU.Build.0 = Release|Any CPU
	EndGlobalSection
	GlobalSection(SolutionProperties) = preSolution
		HideSolutionNode = FALSE
	EndGlobalSection
EndGlobal
